// !$*UTF8*$!
{
	archiveVersion = 1;
	classes = {
	};
	objectVersion = 50;
	objects = {

/* Begin PBXBuildFile section */
		B447A40720AD715100F3A37E /* AppDelegate.swift in Sources */ = {isa = PBXBuildFile; fileRef = B447A40620AD715100F3A37E /* AppDelegate.swift */; };
		B447A40920AD715100F3A37E /* ViewController.swift in Sources */ = {isa = PBXBuildFile; fileRef = B447A40820AD715100F3A37E /* ViewController.swift */; };
		B447A40C20AD715100F3A37E /* Main.storyboard in Resources */ = {isa = PBXBuildFile; fileRef = B447A40A20AD715100F3A37E /* Main.storyboard */; };
		B447A40E20AD715300F3A37E /* Assets.xcassets in Resources */ = {isa = PBXBuildFile; fileRef = B447A40D20AD715300F3A37E /* Assets.xcassets */; };
		B447A41120AD715300F3A37E /* LaunchScreen.storyboard in Resources */ = {isa = PBXBuildFile; fileRef = B447A40F20AD715300F3A37E /* LaunchScreen.storyboard */; };
		B447A41C20AD715300F3A37E /* timerTests.swift in Sources */ = {isa = PBXBuildFile; fileRef = B447A41B20AD715300F3A37E /* timerTests.swift */; };
		B447A42720AD715300F3A37E /* timerUITests.swift in Sources */ = {isa = PBXBuildFile; fileRef = B447A42620AD715300F3A37E /* timerUITests.swift */; };
/* End PBXBuildFile section */

/* Begin PBXContainerItemProxy section */
		B447A41820AD715300F3A37E /* PBXContainerItemProxy */ = {
			isa = PBXContainerItemProxy;
			containerPortal = B447A3FB20AD715100F3A37E /* Project object */;
			proxyType = 1;
			remoteGlobalIDString = B447A40220AD715100F3A37E;
			remoteInfo = timer;
		};
		B447A42320AD715300F3A37E /* PBXContainerItemProxy */ = {
			isa = PBXContainerItemProxy;
			containerPortal = B447A3FB20AD715100F3A37E /* Project object */;
			proxyType = 1;
			remoteGlobalIDString = B447A40220AD715100F3A37E;
			remoteInfo = timer;
		};
/* End PBXContainerItemProxy section */

/* Begin PBXFileReference section */
		B447A40320AD715100F3A37E /* timer.app */ = {isa = PBXFileReference; explicitFileType = wrapper.application; includeInIndex = 0; path = timer.app; sourceTree = BUILT_PRODUCTS_DIR; };
		B447A40620AD715100F3A37E /* AppDelegate.swift */ = {isa = PBXFileReference; lastKnownFileType = sourcecode.swift; path = AppDelegate.swift; sourceTree = "<group>"; };
		B447A40820AD715100F3A37E /* ViewController.swift */ = {isa = PBXFileReference; lastKnownFileType = sourcecode.swift; path = ViewController.swift; sourceTree = "<group>"; };
		B447A40B20AD715100F3A37E /* Base */ = {isa = PBXFileReference; lastKnownFileType = file.storyboard; name = Base; path = Base.lproj/Main.storyboard; sourceTree = "<group>"; };
		B447A40D20AD715300F3A37E /* Assets.xcassets */ = {isa = PBXFileReference; lastKnownFileType = folder.assetcatalog; path = Assets.xcassets; sourceTree = "<group>"; };
		B447A41020AD715300F3A37E /* Base */ = {isa = PBXFileReference; lastKnownFileType = file.storyboard; name = Base; path = Base.lproj/LaunchScreen.storyboard; sourceTree = "<group>"; };
		B447A41220AD715300F3A37E /* Info.plist */ = {isa = PBXFileReference; lastKnownFileType = text.plist.xml; path = Info.plist; sourceTree = "<group>"; };
		B447A41720AD715300F3A37E /* timerTests.xctest */ = {isa = PBXFileReference; explicitFileType = wrapper.cfbundle; includeInIndex = 0; path = timerTests.xctest; sourceTree = BUILT_PRODUCTS_DIR; };
		B447A41B20AD715300F3A37E /* timerTests.swift */ = {isa = PBXFileReference; lastKnownFileType = sourcecode.swift; path = timerTests.swift; sourceTree = "<group>"; };
		B447A41D20AD715300F3A37E /* Info.plist */ = {isa = PBXFileReference; lastKnownFileType = text.plist.xml; path = Info.plist; sourceTree = "<group>"; };
		B447A42220AD715300F3A37E /* timerUITests.xctest */ = {isa = PBXFileReference; explicitFileType = wrapper.cfbundle; includeInIndex = 0; path = timerUITests.xctest; sourceTree = BUILT_PRODUCTS_DIR; };
		B447A42620AD715300F3A37E /* timerUITests.swift */ = {isa = PBXFileReference; lastKnownFileType = sourcecode.swift; path = timerUITests.swift; sourceTree = "<group>"; };
		B447A42820AD715300F3A37E /* Info.plist */ = {isa = PBXFileReference; lastKnownFileType = text.plist.xml; path = Info.plist; sourceTree = "<group>"; };
/* End PBXFileReference section */

/* Begin PBXFrameworksBuildPhase section */
		B447A40020AD715100F3A37E /* Frameworks */ = {
			isa = PBXFrameworksBuildPhase;
			buildActionMask = 2147483647;
			files = (
			);
			runOnlyForDeploymentPostprocessing = 0;
		};
		B447A41420AD715300F3A37E /* Frameworks */ = {
			isa = PBXFrameworksBuildPhase;
			buildActionMask = 2147483647;
			files = (
			);
			runOnlyForDeploymentPostprocessing = 0;
		};
		B447A41F20AD715300F3A37E /* Frameworks */ = {
			isa = PBXFrameworksBuildPhase;
			buildActionMask = 2147483647;
			files = (
			);
			runOnlyForDeploymentPostprocessing = 0;
		};
/* End PBXFrameworksBuildPhase section */

/* Begin PBXGroup section */
		B447A3FA20AD715100F3A37E = {
			isa = PBXGroup;
			children = (
				B447A40520AD715100F3A37E /* timer */,
				B447A41A20AD715300F3A37E /* timerTests */,
				B447A42520AD715300F3A37E /* timerUITests */,
				B447A40420AD715100F3A37E /* Products */,
			);
			sourceTree = "<group>";
		};
		B447A40420AD715100F3A37E /* Products */ = {
			isa = PBXGroup;
			children = (
				B447A40320AD715100F3A37E /* timer.app */,
				B447A41720AD715300F3A37E /* timerTests.xctest */,
				B447A42220AD715300F3A37E /* timerUITests.xctest */,
			);
			name = Products;
			sourceTree = "<group>";
		};
		B447A40520AD715100F3A37E /* timer */ = {
			isa = PBXGroup;
			children = (
				B447A40620AD715100F3A37E /* AppDelegate.swift */,
				B447A40820AD715100F3A37E /* ViewController.swift */,
				B447A40A20AD715100F3A37E /* Main.storyboard */,
				B447A40D20AD715300F3A37E /* Assets.xcassets */,
				B447A40F20AD715300F3A37E /* LaunchScreen.storyboard */,
				B447A41220AD715300F3A37E /* Info.plist */,
			);
			path = timer;
			sourceTree = "<group>";
		};
		B447A41A20AD715300F3A37E /* timerTests */ = {
			isa = PBXGroup;
			children = (
				B447A41B20AD715300F3A37E /* timerTests.swift */,
				B447A41D20AD715300F3A37E /* Info.plist */,
			);
			path = timerTests;
			sourceTree = "<group>";
		};
		B447A42520AD715300F3A37E /* timerUITests */ = {
			isa = PBXGroup;
			children = (
				B447A42620AD715300F3A37E /* timerUITests.swift */,
				B447A42820AD715300F3A37E /* Info.plist */,
			);
			path = timerUITests;
			sourceTree = "<group>";
		};
/* End PBXGroup section */

/* Begin PBXNativeTarget section */
		B447A40220AD715100F3A37E /* timer */ = {
			isa = PBXNativeTarget;
			buildConfigurationList = B447A42B20AD715300F3A37E /* Build configuration list for PBXNativeTarget "timer" */;
			buildPhases = (
				B447A3FF20AD715100F3A37E /* Sources */,
				B447A40020AD715100F3A37E /* Frameworks */,
				B447A40120AD715100F3A37E /* Resources */,
			);
			buildRules = (
			);
			dependencies = (
			);
			name = timer;
			productName = timer;
			productReference = B447A40320AD715100F3A37E /* timer.app */;
			productType = "com.apple.product-type.application";
		};
		B447A41620AD715300F3A37E /* timerTests */ = {
			isa = PBXNativeTarget;
			buildConfigurationList = B447A42E20AD715300F3A37E /* Build configuration list for PBXNativeTarget "timerTests" */;
			buildPhases = (
				B447A41320AD715300F3A37E /* Sources */,
				B447A41420AD715300F3A37E /* Frameworks */,
				B447A41520AD715300F3A37E /* Resources */,
			);
			buildRules = (
			);
			dependencies = (
				B447A41920AD715300F3A37E /* PBXTargetDependency */,
			);
			name = timerTests;
			productName = timerTests;
			productReference = B447A41720AD715300F3A37E /* timerTests.xctest */;
			productType = "com.apple.product-type.bundle.unit-test";
		};
		B447A42120AD715300F3A37E /* timerUITests */ = {
			isa = PBXNativeTarget;
			buildConfigurationList = B447A43120AD715300F3A37E /* Build configuration list for PBXNativeTarget "timerUITests" */;
			buildPhases = (
				B447A41E20AD715300F3A37E /* Sources */,
				B447A41F20AD715300F3A37E /* Frameworks */,
				B447A42020AD715300F3A37E /* Resources */,
			);
			buildRules = (
			);
			dependencies = (
				B447A42420AD715300F3A37E /* PBXTargetDependency */,
			);
			name = timerUITests;
			productName = timerUITests;
			productReference = B447A42220AD715300F3A37E /* timerUITests.xctest */;
			productType = "com.apple.product-type.bundle.ui-testing";
		};
/* End PBXNativeTarget section */

/* Begin PBXProject section */
		B447A3FB20AD715100F3A37E /* Project object */ = {
			isa = PBXProject;
			attributes = {
				LastSwiftUpdateCheck = 0930;
				LastUpgradeCheck = 0930;
				ORGANIZATIONNAME = "Steve Zheng";
				TargetAttributes = {
					B447A40220AD715100F3A37E = {
						CreatedOnToolsVersion = 9.3.1;
					};
					B447A41620AD715300F3A37E = {
						CreatedOnToolsVersion = 9.3.1;
						TestTargetID = B447A40220AD715100F3A37E;
					};
					B447A42120AD715300F3A37E = {
						CreatedOnToolsVersion = 9.3.1;
						TestTargetID = B447A40220AD715100F3A37E;
					};
				};
			};
			buildConfigurationList = B447A3FE20AD715100F3A37E /* Build configuration list for PBXProject "timer" */;
			compatibilityVersion = "Xcode 9.3";
			developmentRegion = en;
			hasScannedForEncodings = 0;
			knownRegions = (
				en,
				Base,
			);
			mainGroup = B447A3FA20AD715100F3A37E;
			productRefGroup = B447A40420AD715100F3A37E /* Products */;
			projectDirPath = "";
			projectRoot = "";
			targets = (
				B447A40220AD715100F3A37E /* timer */,
				B447A41620AD715300F3A37E /* timerTests */,
				B447A42120AD715300F3A37E /* timerUITests */,
			);
		};
/* End PBXProject section */

/* Begin PBXResourcesBuildPhase section */
		B447A40120AD715100F3A37E /* Resources */ = {
			isa = PBXResourcesBuildPhase;
			buildActionMask = 2147483647;
			files = (
				B447A41120AD715300F3A37E /* LaunchScreen.storyboard in Resources */,
				B447A40E20AD715300F3A37E /* Assets.xcassets in Resources */,
				B447A40C20AD715100F3A37E /* Main.storyboard in Resources */,
			);
			runOnlyForDeploymentPostprocessing = 0;
		};
		B447A41520AD715300F3A37E /* Resources */ = {
			isa = PBXResourcesBuildPhase;
			buildActionMask = 2147483647;
			files = (
			);
			runOnlyForDeploymentPostprocessing = 0;
		};
		B447A42020AD715300F3A37E /* Resources */ = {
			isa = PBXResourcesBuildPhase;
			buildActionMask = 2147483647;
			files = (
			);
			runOnlyForDeploymentPostprocessing = 0;
		};
/* End PBXResourcesBuildPhase section */

/* Begin PBXSourcesBuildPhase section */
		B447A3FF20AD715100F3A37E /* Sources */ = {
			isa = PBXSourcesBuildPhase;
			buildActionMask = 2147483647;
			files = (
				B447A40920AD715100F3A37E /* ViewController.swift in Sources */,
				B447A40720AD715100F3A37E /* AppDelegate.swift in Sources */,
			);
			runOnlyForDeploymentPostprocessing = 0;
		};
		B447A41320AD715300F3A37E /* Sources */ = {
			isa = PBXSourcesBuildPhase;
			buildActionMask = 2147483647;
			files = (
				B447A41C20AD715300F3A37E /* timerTests.swift in Sources */,
			);
			runOnlyForDeploymentPostprocessing = 0;
		};
		B447A41E20AD715300F3A37E /* Sources */ = {
			isa = PBXSourcesBuildPhase;
			buildActionMask = 2147483647;
			files = (
				B447A42720AD715300F3A37E /* timerUITests.swift in Sources */,
			);
			runOnlyForDeploymentPostprocessing = 0;
		};
/* End PBXSourcesBuildPhase section */

/* Begin PBXTargetDependency section */
		B447A41920AD715300F3A37E /* PBXTargetDependency */ = {
			isa = PBXTargetDependency;
			target = B447A40220AD715100F3A37E /* timer */;
			targetProxy = B447A41820AD715300F3A37E /* PBXContainerItemProxy */;
		};
		B447A42420AD715300F3A37E /* PBXTargetDependency */ = {
			isa = PBXTargetDependency;
			target = B447A40220AD715100F3A37E /* timer */;
			targetProxy = B447A42320AD715300F3A37E /* PBXContainerItemProxy */;
		};
/* End PBXTargetDependency section */

/* Begin PBXVariantGroup section */
		B447A40A20AD715100F3A37E /* Main.storyboard */ = {
			isa = PBXVariantGroup;
			children = (
				B447A40B20AD715100F3A37E /* Base */,
			);
			name = Main.storyboard;
			sourceTree = "<group>";
		};
		B447A40F20AD715300F3A37E /* LaunchScreen.storyboard */ = {
			isa = PBXVariantGroup;
			children = (
				B447A41020AD715300F3A37E /* Base */,
			);
			name = LaunchScreen.storyboard;
			sourceTree = "<group>";
		};
/* End PBXVariantGroup section */

/* Begin XCBuildConfiguration section */
		B447A42920AD715300F3A37E /* Debug */ = {
			isa = XCBuildConfiguration;
			buildSettings = {
				ALWAYS_SEARCH_USER_PATHS = NO;
				CLANG_ANALYZER_NONNULL = YES;
				CLANG_ANALYZER_NUMBER_OBJECT_CONVERSION = YES_AGGRESSIVE;
				CLANG_CXX_LANGUAGE_STANDARD = "gnu++14";
				CLANG_CXX_LIBRARY = "libc++";
				CLANG_ENABLE_MODULES = YES;
				CLANG_ENABLE_OBJC_ARC = YES;
				CLANG_ENABLE_OBJC_WEAK = YES;
				CLANG_WARN_BLOCK_CAPTURE_AUTORELEASING = YES;
				CLANG_WARN_BOOL_CONVERSION = YES;
				CLANG_WARN_COMMA = YES;
				CLANG_WARN_CONSTANT_CONVERSION = YES;
				CLANG_WARN_DEPRECATED_OBJC_IMPLEMENTATIONS = YES;
				CLANG_WARN_DIRECT_OBJC_ISA_USAGE = YES_ERROR;
				CLANG_WARN_DOCUMENTATION_COMMENTS = YES;
				CLANG_WARN_EMPTY_BODY = YES;
				CLANG_WARN_ENUM_CONVERSION = YES;
				CLANG_WARN_INFINITE_RECURSION = YES;
				CLANG_WARN_INT_CONVERSION = YES;
				CLANG_WARN_NON_LITERAL_NULL_CONVERSION = YES;
				CLANG_WARN_OBJC_IMPLICIT_RETAIN_SELF = YES;
				CLANG_WARN_OBJC_LITERAL_CONVERSION = YES;
				CLANG_WARN_OBJC_ROOT_CLASS = YES_ERROR;
				CLANG_WARN_RANGE_LOOP_ANALYSIS = YES;
				CLANG_WARN_STRICT_PROTOTYPES = YES;
				CLANG_WARN_SUSPICIOUS_MOVE = YES;
				CLANG_WARN_UNGUARDED_AVAILABILITY = YES_AGGRESSIVE;
				CLANG_WARN_UNREACHABLE_CODE = YES;
				CLANG_WARN__DUPLICATE_METHOD_MATCH = YES;
				CODE_SIGN_IDENTITY = "iPhone Developer";
				COPY_PHASE_STRIP = NO;
				DEBUG_INFORMATION_FORMAT = dwarf;
				ENABLE_STRICT_OBJC_MSGSEND = YES;
				ENABLE_TESTABILITY = YES;
				GCC_C_LANGUAGE_STANDARD = gnu11;
				GCC_DYNAMIC_NO_PIC = NO;
				GCC_NO_COMMON_BLOCKS = YES;
				GCC_OPTIMIZATION_LEVEL = 0;
				GCC_PREPROCESSOR_DEFINITIONS = (
					"DEBUG=1",
					"$(inherited)",
				);
				GCC_WARN_64_TO_32_BIT_CONVERSION = YES;
				GCC_WARN_ABOUT_RETURN_TYPE = YES_ERROR;
				GCC_WARN_UNDECLARED_SELECTOR = YES;
				GCC_WARN_UNINITIALIZED_AUTOS = YES_AGGRESSIVE;
				GCC_WARN_UNUSED_FUNCTION = YES;
				GCC_WARN_UNUSED_VARIABLE = YES;
				IPHONEOS_DEPLOYMENT_TARGET = 11.3;
				MTL_ENABLE_DEBUG_INFO = YES;
				ONLY_ACTIVE_ARCH = YES;
				SDKROOT = iphoneos;
				SWIFT_ACTIVE_COMPILATION_CONDITIONS = DEBUG;
				SWIFT_OPTIMIZATION_LEVEL = "-Onone";
			};
			name = Debug;
		};
		B447A42A20AD715300F3A37E /* Release */ = {
			isa = XCBuildConfiguration;
			buildSettings = {
				ALWAYS_SEARCH_USER_PATHS = NO;
				CLANG_ANALYZER_NONNULL = YES;
				CLANG_ANALYZER_NUMBER_OBJECT_CONVERSION = YES_AGGRESSIVE;
				CLANG_CXX_LANGUAGE_STANDARD = "gnu++14";
				CLANG_CXX_LIBRARY = "libc++";
				CLANG_ENABLE_MODULES = YES;
				CLANG_ENABLE_OBJC_ARC = YES;
				CLANG_ENABLE_OBJC_WEAK = YES;
				CLANG_WARN_BLOCK_CAPTURE_AUTORELEASING = YES;
				CLANG_WARN_BOOL_CONVERSION = YES;
				CLANG_WARN_COMMA = YES;
				CLANG_WARN_CONSTANT_CONVERSION = YES;
				CLANG_WARN_DEPRECATED_OBJC_IMPLEMENTATIONS = YES;
				CLANG_WARN_DIRECT_OBJC_ISA_USAGE = YES_ERROR;
				CLANG_WARN_DOCUMENTATION_COMMENTS = YES;
				CLANG_WARN_EMPTY_BODY = YES;
				CLANG_WARN_ENUM_CONVERSION = YES;
				CLANG_WARN_INFINITE_RECURSION = YES;
				CLANG_WARN_INT_CONVERSION = YES;
				CLANG_WARN_NON_LITERAL_NULL_CONVERSION = YES;
				CLANG_WARN_OBJC_IMPLICIT_RETAIN_SELF = YES;
				CLANG_WARN_OBJC_LITERAL_CONVERSION = YES;
				CLANG_WARN_OBJC_ROOT_CLASS = YES_ERROR;
				CLANG_WARN_RANGE_LOOP_ANALYSIS = YES;
				CLANG_WARN_STRICT_PROTOTYPES = YES;
				CLANG_WARN_SUSPICIOUS_MOVE = YES;
				CLANG_WARN_UNGUARDED_AVAILABILITY = YES_AGGRESSIVE;
				CLANG_WARN_UNREACHABLE_CODE = YES;
				CLANG_WARN__DUPLICATE_METHOD_MATCH = YES;
				CODE_SIGN_IDENTITY = "iPhone Developer";
				COPY_PHASE_STRIP = NO;
				DEBUG_INFORMATION_FORMAT = "dwarf-with-dsym";
				ENABLE_NS_ASSERTIONS = NO;
				ENABLE_STRICT_OBJC_MSGSEND = YES;
				GCC_C_LANGUAGE_STANDARD = gnu11;
				GCC_NO_COMMON_BLOCKS = YES;
				GCC_WARN_64_TO_32_BIT_CONVERSION = YES;
				GCC_WARN_ABOUT_RETURN_TYPE = YES_ERROR;
				GCC_WARN_UNDECLARED_SELECTOR = YES;
				GCC_WARN_UNINITIALIZED_AUTOS = YES_AGGRESSIVE;
				GCC_WARN_UNUSED_FUNCTION = YES;
				GCC_WARN_UNUSED_VARIABLE = YES;
				IPHONEOS_DEPLOYMENT_TARGET = 11.3;
				MTL_ENABLE_DEBUG_INFO = NO;
				SDKROOT = iphoneos;
				SWIFT_COMPILATION_MODE = wholemodule;
				SWIFT_OPTIMIZATION_LEVEL = "-O";
				VALIDATE_PRODUCT = YES;
			};
			name = Release;
		};
		B447A42C20AD715300F3A37E /* Debug */ = {
			isa = XCBuildConfiguration;
			buildSettings = {
				ASSETCATALOG_COMPILER_APPICON_NAME = AppIcon;
				CODE_SIGN_STYLE = Automatic;
				INFOPLIST_FILE = timer/Info.plist;
				LD_RUNPATH_SEARCH_PATHS = (
					"$(inherited)",
					"@executable_path/Frameworks",
				);
				PRODUCT_BUNDLE_IDENTIFIER = stevezheng.timer;
				PRODUCT_NAME = "$(TARGET_NAME)";
				SWIFT_VERSION = 4.0;
				TARGETED_DEVICE_FAMILY = "1,2";
			};
			name = Debug;
		};
		B447A42D20AD715300F3A37E /* Release */ = {
			isa = XCBuildConfiguration;
			buildSettings = {
				ASSETCATALOG_COMPILER_APPICON_NAME = AppIcon;
				CODE_SIGN_STYLE = Automatic;
				INFOPLIST_FILE = timer/Info.plist;
				LD_RUNPATH_SEARCH_PATHS = (
					"$(inherited)",
					"@executable_path/Frameworks",
				);
				PRODUCT_BUNDLE_IDENTIFIER = stevezheng.timer;
				PRODUCT_NAME = "$(TARGET_NAME)";
				SWIFT_VERSION = 4.0;
				TARGETED_DEVICE_FAMILY = "1,2";
			};
			name = Release;
		};
		B447A42F20AD715300F3A37E /* Debug */ = {
			isa = XCBuildConfiguration;
			buildSettings = {
				ALWAYS_EMBED_SWIFT_STANDARD_LIBRARIES = YES;
				BUNDLE_LOADER = "$(TEST_HOST)";
				CODE_SIGN_STYLE = Automatic;
				INFOPLIST_FILE = timerTests/Info.plist;
				LD_RUNPATH_SEARCH_PATHS = (
					"$(inherited)",
					"@executable_path/Frameworks",
					"@loader_path/Frameworks",
				);
				PRODUCT_BUNDLE_IDENTIFIER = stevezheng.timerTests;
				PRODUCT_NAME = "$(TARGET_NAME)";
				SWIFT_VERSION = 4.0;
				TARGETED_DEVICE_FAMILY = "1,2";
				TEST_HOST = "$(BUILT_PRODUCTS_DIR)/timer.app/timer";
			};
			name = Debug;
		};
		B447A43020AD715300F3A37E /* Release */ = {
			isa = XCBuildConfiguration;
			buildSettings = {
				ALWAYS_EMBED_SWIFT_STANDARD_LIBRARIES = YES;
				BUNDLE_LOADER = "$(TEST_HOST)";
				CODE_SIGN_STYLE = Automatic;
				INFOPLIST_FILE = timerTests/Info.plist;
				LD_RUNPATH_SEARCH_PATHS = (
					"$(inherited)",
					"@executable_path/Frameworks",
					"@loader_path/Frameworks",
				);
				PRODUCT_BUNDLE_IDENTIFIER = stevezheng.timerTests;
				PRODUCT_NAME = "$(TARGET_NAME)";
				SWIFT_VERSION = 4.0;
				TARGETED_DEVICE_FAMILY = "1,2";
				TEST_HOST = "$(BUILT_PRODUCTS_DIR)/timer.app/timer";
			};
			name = Release;
		};
		B447A43220AD715300F3A37E /* Debug */ = {
			isa = XCBuildConfiguration;
			buildSettings = {
				ALWAYS_EMBED_SWIFT_STANDARD_LIBRARIES = YES;
				CODE_SIGN_STYLE = Automatic;
				INFOPLIST_FILE = timerUITests/Info.plist;
				LD_RUNPATH_SEARCH_PATHS = (
					"$(inherited)",
					"@executable_path/Frameworks",
					"@loader_path/Frameworks",
				);
				PRODUCT_BUNDLE_IDENTIFIER = stevezheng.timerUITests;
				PRODUCT_NAME = "$(TARGET_NAME)";
				SWIFT_VERSION = 4.0;
				TARGETED_DEVICE_FAMILY = "1,2";
				TEST_TARGET_NAME = timer;
			};
			name = Debug;
		};
		B447A43320AD715300F3A37E /* Release */ = {
			isa = XCBuildConfiguration;
			buildSettings = {
				ALWAYS_EMBED_SWIFT_STANDARD_LIBRARIES = YES;
				CODE_SIGN_STYLE = Automatic;
				INFOPLIST_FILE = timerUITests/Info.plist;
				LD_RUNPATH_SEARCH_PATHS = (
					"$(inherited)",
					"@executable_path/Frameworks",
					"@loader_path/Frameworks",
				);
				PRODUCT_BUNDLE_IDENTIFIER = stevezheng.timerUITests;
				PRODUCT_NAME = "$(TARGET_NAME)";
				SWIFT_VERSION = 4.0;
				TARGETED_DEVICE_FAMILY = "1,2";
				TEST_TARGET_NAME = timer;
			};
			name = Release;
		};
/* End XCBuildConfiguration section */

/* Begin XCConfigurationList section */
		B447A3FE20AD715100F3A37E /* Build configuration list for PBXProject "timer" */ = {
			isa = XCConfigurationList;
			buildConfigurations = (
				B447A42920AD715300F3A37E /* Debug */,
				B447A42A20AD715300F3A37E /* Release */,
			);
			defaultConfigurationIsVisible = 0;
			defaultConfigurationName = Release;
		};
		B447A42B20AD715300F3A37E /* Build configuration list for PBXNativeTarget "timer" */ = {
			isa = XCConfigurationList;
			buildConfigurations = (
				B447A42C20AD715300F3A37E /* Debug */,
				B447A42D20AD715300F3A37E /* Release */,
			);
			defaultConfigurationIsVisible = 0;
			defaultConfigurationName = Release;
		};
		B447A42E20AD715300F3A37E /* Build configuration list for PBXNativeTarget "timerTests" */ = {
			isa = XCConfigurationList;
			buildConfigurations = (
				B447A42F20AD715300F3A37E /* Debug */,
				B447A43020AD715300F3A37E /* Release */,
			);
			defaultConfigurationIsVisible = 0;
			defaultConfigurationName = Release;
		};
		B447A43120AD715300F3A37E /* Build configuration list for PBXNativeTarget "timerUITests" */ = {
			isa = XCConfigurationList;
			buildConfigurations = (
				B447A43220AD715300F3A37E /* Debug */,
				B447A43320AD715300F3A37E /* Release */,
			);
			defaultConfigurationIsVisible = 0;
			defaultConfigurationName = Release;
		};
/* End XCConfigurationList section */
	};
	rootObject = B447A3FB20AD715100F3A37E /* Project object */;
}
